
Microsoft Visual Studio Solution File, Format Version 12.00
# Visual Studio Version 17
VisualStudioVersion = 17.14.36408.4
MinimumVisualStudioVersion = 10.0.40219.1
Project("{FAE04EC0-301F-11D3-BF4B-00C04F79EFBC}") = "Model", "Model\Model.csproj", "{91952A22-6E6C-4B1E-AC74-DAE10BD4AF34}"
EndProject
Project("{FAE04EC0-301F-11D3-BF4B-00C04F79EFBC}") = "ViewModel", "ViewModel\ViewModel.csproj", "{D8D54AE7-1D92-42C3-9D3B-46061FDC88AE}"
EndProject
Project("{FAE04EC0-301F-11D3-BF4B-00C04F79EFBC}") = "Test", "Test\Test.csproj", "{F39E27FD-26DE-46AB-90CB-4A66DB48B0E6}"
EndProject
Project("{FAE04EC0-301F-11D3-BF4B-00C04F79EFBC}") = "Arielproject.ServiceDefaults", "Arielproject.ServiceDefaults\Arielproject.ServiceDefaults.csproj", "{8155E61E-0F8F-7895-C306-601D27DDD7B5}"
EndProject
Project("{FAE04EC0-301F-11D3-BF4B-00C04F79EFBC}") = "ApiNew", "ApiNew\ApiNew.csproj", "{7F8B611F-D29C-4A77-B84D-C8DB064820D4}"
EndProject
Project("{FAE04EC0-301F-11D3-BF4B-00C04F79EFBC}") = "InterfaceLibrary", "InterfaceLibrary\InterfaceLibrary.csproj", "{9DE354BD-9B39-49D3-80BC-63714CAE8306}"
EndProject
Project("{FAE04EC0-301F-11D3-BF4B-00C04F79EFBC}") = "Myservice", "Myservice\Myservice.csproj", "{A2777F5B-3EE3-4BA4-9A87-090E65A16C10}"
EndProject
Global
	GlobalSection(SolutionConfigurationPlatforms) = preSolution
		Debug|Any CPU = Debug|Any CPU
		Release|Any CPU = Release|Any CPU
	EndGlobalSection
	GlobalSection(ProjectConfigurationPlatforms) = postSolution
		{91952A22-6E6C-4B1E-AC74-DAE10BD4AF34}.Debug|Any CPU.ActiveCfg = Debug|Any CPU
		{91952A22-6E6C-4B1E-AC74-DAE10BD4AF34}.Debug|Any CPU.Build.0 = Debug|Any CPU
		{91952A22-6E6C-4B1E-AC74-DAE10BD4AF34}.Release|Any CPU.ActiveCfg = Release|Any CPU
		{91952A22-6E6C-4B1E-AC74-DAE10BD4AF34}.Release|Any CPU.Build.0 = Release|Any CPU
		{D8D54AE7-1D92-42C3-9D3B-46061FDC88AE}.Debug|Any CPU.ActiveCfg = Debug|Any CPU
		{D8D54AE7-1D92-42C3-9D3B-46061FDC88AE}.Debug|Any CPU.Build.0 = Debug|Any CPU
		{D8D54AE7-1D92-42C3-9D3B-46061FDC88AE}.Release|Any CPU.ActiveCfg = Release|Any CPU
		{D8D54AE7-1D92-42C3-9D3B-46061FDC88AE}.Release|Any CPU.Build.0 = Release|Any CPU
		{F39E27FD-26DE-46AB-90CB-4A66DB48B0E6}.Debug|Any CPU.ActiveCfg = Debug|Any CPU
		{F39E27FD-26DE-46AB-90CB-4A66DB48B0E6}.Debug|Any CPU.Build.0 = Debug|Any CPU
		{F39E27FD-26DE-46AB-90CB-4A66DB48B0E6}.Release|Any CPU.ActiveCfg = Release|Any CPU
		{F39E27FD-26DE-46AB-90CB-4A66DB48B0E6}.Release|Any CPU.Build.0 = Release|Any CPU
		{8155E61E-0F8F-7895-C306-601D27DDD7B5}.Debug|Any CPU.ActiveCfg = Debug|Any CPU
		{8155E61E-0F8F-7895-C306-601D27DDD7B5}.Debug|Any CPU.Build.0 = Debug|Any CPU
		{8155E61E-0F8F-7895-C306-601D27DDD7B5}.Release|Any CPU.ActiveCfg = Release|Any CPU
		{8155E61E-0F8F-7895-C306-601D27DDD7B5}.Release|Any CPU.Build.0 = Release|Any CPU
		{7F8B611F-D29C-4A77-B84D-C8DB064820D4}.Debug|Any CPU.ActiveCfg = Debug|Any CPU
		{7F8B611F-D29C-4A77-B84D-C8DB064820D4}.Debug|Any CPU.Build.0 = Debug|Any CPU
		{7F8B611F-D29C-4A77-B84D-C8DB064820D4}.Release|Any CPU.ActiveCfg = Release|Any CPU
		{7F8B611F-D29C-4A77-B84D-C8DB064820D4}.Release|Any CPU.Build.0 = Release|Any CPU
		{9DE354BD-9B39-49D3-80BC-63714CAE8306}.Debug|Any CPU.ActiveCfg = Debug|Any CPU
		{9DE354BD-9B39-49D3-80BC-63714CAE8306}.Debug|Any CPU.Build.0 = Debug|Any CPU
		{9DE354BD-9B39-49D3-80BC-63714CAE8306}.Release|Any CPU.ActiveCfg = Release|Any CPU
		{9DE354BD-9B39-49D3-80BC-63714CAE8306}.Release|Any CPU.Build.0 = Release|Any CPU
		{A2777F5B-3EE3-4BA4-9A87-090E65A16C10}.Debug|Any CPU.ActiveCfg = Debug|Any CPU
		{A2777F5B-3EE3-4BA4-9A87-090E65A16C10}.Debug|Any CPU.Build.0 = Debug|Any CPU
		{A2777F5B-3EE3-4BA4-9A87-090E65A16C10}.Release|Any CPU.ActiveCfg = Release|Any CPU
		{A2777F5B-3EE3-4BA4-9A87-090E65A16C10}.Release|Any CPU.Build.0 = Release|Any CPU
	EndGlobalSection
	GlobalSection(SolutionProperties) = preSolution
		HideSolutionNode = FALSE
	EndGlobalSection
	GlobalSection(ExtensibilityGlobals) = postSolution
		SolutionGuid = {3D38D796-0889-4B35-90F0-F1C327674BEF}
	EndGlobalSection
EndGlobal
